// !$*UTF8*$!
{
	archiveVersion = 1;
	classes = {
	};
	objectVersion = 56;
	objects = {

/* Begin PBXBuildFile section */
		562190B4297C1ED100F337FF /* AppDelegate.swift in Sources */ = {isa = PBXBuildFile; fileRef = 562190B3297C1ED100F337FF /* AppDelegate.swift */; };
		562190B6297C1ED100F337FF /* SceneDelegate.swift in Sources */ = {isa = PBXBuildFile; fileRef = 562190B5297C1ED100F337FF /* SceneDelegate.swift */; };
		562190B8297C1ED100F337FF /* MainTabBarViewController.swift in Sources */ = {isa = PBXBuildFile; fileRef = 562190B7297C1ED100F337FF /* MainTabBarViewController.swift */; };
		562190BD297C1ED300F337FF /* Assets.xcassets in Resources */ = {isa = PBXBuildFile; fileRef = 562190BC297C1ED300F337FF /* Assets.xcassets */; };
		562190C0297C1ED300F337FF /* LaunchScreen.storyboard in Resources */ = {isa = PBXBuildFile; fileRef = 562190BE297C1ED300F337FF /* LaunchScreen.storyboard */; };
		562190C9297C22DF00F337FF /* HomeViewController.swift in Sources */ = {isa = PBXBuildFile; fileRef = 562190C8297C22DF00F337FF /* HomeViewController.swift */; };
		562190CB297C232700F337FF /* UpcomingViewController.swift in Sources */ = {isa = PBXBuildFile; fileRef = 562190CA297C232700F337FF /* UpcomingViewController.swift */; };
		562190CD297C237500F337FF /* SearchViewController.swift in Sources */ = {isa = PBXBuildFile; fileRef = 562190CC297C237500F337FF /* SearchViewController.swift */; };
		562190CF297C23B000F337FF /* DownloadsViewController.swift in Sources */ = {isa = PBXBuildFile; fileRef = 562190CE297C23B000F337FF /* DownloadsViewController.swift */; };
		562190D6297C2F9E00F337FF /* CollectionViewTableViewCell.swift in Sources */ = {isa = PBXBuildFile; fileRef = 562190D5297C2F9E00F337FF /* CollectionViewTableViewCell.swift */; };
		562190D8297EC8A500F337FF /* HeroHeaderUIView.swift in Sources */ = {isa = PBXBuildFile; fileRef = 562190D7297EC8A500F337FF /* HeroHeaderUIView.swift */; };
		562190DA297FE63300F337FF /* APICaller.swift in Sources */ = {isa = PBXBuildFile; fileRef = 562190D9297FE63300F337FF /* APICaller.swift */; };
		562190DC297FEA9800F337FF /* Title.swift in Sources */ = {isa = PBXBuildFile; fileRef = 562190DB297FEA9800F337FF /* Title.swift */; };
		562190DE297FEF1F00F337FF /* Extensions.swift in Sources */ = {isa = PBXBuildFile; fileRef = 562190DD297FEF1F00F337FF /* Extensions.swift */; };
		562190E5297FFCF700F337FF /* SDWebImage in Frameworks */ = {isa = PBXBuildFile; productRef = 562190E4297FFCF700F337FF /* SDWebImage */; };
		562190E7297FFCF700F337FF /* SDWebImageMapKit in Frameworks */ = {isa = PBXBuildFile; productRef = 562190E6297FFCF700F337FF /* SDWebImageMapKit */; };
		562190E9298040C400F337FF /* TitleTableViewCell.swift in Sources */ = {isa = PBXBuildFile; fileRef = 562190E8298040C400F337FF /* TitleTableViewCell.swift */; };
		562190EB2980439C00F337FF /* TitleViewModel.swift in Sources */ = {isa = PBXBuildFile; fileRef = 562190EA2980439C00F337FF /* TitleViewModel.swift */; };
		562190ED29804CB100F337FF /* SearchResultsViewController.swift in Sources */ = {isa = PBXBuildFile; fileRef = 562190EC29804CB100F337FF /* SearchResultsViewController.swift */; };
		562190F129804E2500F337FF /* TitleCollectionViewCell.swift in Sources */ = {isa = PBXBuildFile; fileRef = 562190F029804E2500F337FF /* TitleCollectionViewCell.swift */; };
		56D4D72C29819E0E00CCE197 /* YoutubeSearchResponse.swift in Sources */ = {isa = PBXBuildFile; fileRef = 56D4D72B29819E0E00CCE197 /* YoutubeSearchResponse.swift */; };
		56D4D72E2981A1F900CCE197 /* TitlePreviewViewController.swift in Sources */ = {isa = PBXBuildFile; fileRef = 56D4D72D2981A1F900CCE197 /* TitlePreviewViewController.swift */; };
		56D4D7302981A54D00CCE197 /* TitlePreviewViewModel.swift in Sources */ = {isa = PBXBuildFile; fileRef = 56D4D72F2981A54D00CCE197 /* TitlePreviewViewModel.swift */; };
/* End PBXBuildFile section */

/* Begin PBXFileReference section */
		562190B0297C1ED100F337FF /* NetflixClone.app */ = {isa = PBXFileReference; explicitFileType = wrapper.application; includeInIndex = 0; path = NetflixClone.app; sourceTree = BUILT_PRODUCTS_DIR; };
		562190B3297C1ED100F337FF /* AppDelegate.swift */ = {isa = PBXFileReference; lastKnownFileType = sourcecode.swift; path = AppDelegate.swift; sourceTree = "<group>"; };
		562190B5297C1ED100F337FF /* SceneDelegate.swift */ = {isa = PBXFileReference; lastKnownFileType = sourcecode.swift; path = SceneDelegate.swift; sourceTree = "<group>"; };
		562190B7297C1ED100F337FF /* MainTabBarViewController.swift */ = {isa = PBXFileReference; lastKnownFileType = sourcecode.swift; path = MainTabBarViewController.swift; sourceTree = "<group>"; };
		562190BC297C1ED300F337FF /* Assets.xcassets */ = {isa = PBXFileReference; lastKnownFileType = folder.assetcatalog; path = Assets.xcassets; sourceTree = "<group>"; };
		562190BF297C1ED300F337FF /* Base */ = {isa = PBXFileReference; lastKnownFileType = file.storyboard; name = Base; path = Base.lproj/LaunchScreen.storyboard; sourceTree = "<group>"; };
		562190C1297C1ED300F337FF /* Info.plist */ = {isa = PBXFileReference; lastKnownFileType = text.plist.xml; path = Info.plist; sourceTree = "<group>"; };
		562190C8297C22DF00F337FF /* HomeViewController.swift */ = {isa = PBXFileReference; lastKnownFileType = sourcecode.swift; path = HomeViewController.swift; sourceTree = "<group>"; };
		562190CA297C232700F337FF /* UpcomingViewController.swift */ = {isa = PBXFileReference; lastKnownFileType = sourcecode.swift; path = UpcomingViewController.swift; sourceTree = "<group>"; };
		562190CC297C237500F337FF /* SearchViewController.swift */ = {isa = PBXFileReference; lastKnownFileType = sourcecode.swift; path = SearchViewController.swift; sourceTree = "<group>"; };
		562190CE297C23B000F337FF /* DownloadsViewController.swift */ = {isa = PBXFileReference; lastKnownFileType = sourcecode.swift; path = DownloadsViewController.swift; sourceTree = "<group>"; };
		562190D5297C2F9E00F337FF /* CollectionViewTableViewCell.swift */ = {isa = PBXFileReference; lastKnownFileType = sourcecode.swift; path = CollectionViewTableViewCell.swift; sourceTree = "<group>"; };
		562190D7297EC8A500F337FF /* HeroHeaderUIView.swift */ = {isa = PBXFileReference; lastKnownFileType = sourcecode.swift; path = HeroHeaderUIView.swift; sourceTree = "<group>"; };
		562190D9297FE63300F337FF /* APICaller.swift */ = {isa = PBXFileReference; lastKnownFileType = sourcecode.swift; path = APICaller.swift; sourceTree = "<group>"; };
		562190DB297FEA9800F337FF /* Title.swift */ = {isa = PBXFileReference; lastKnownFileType = sourcecode.swift; path = Title.swift; sourceTree = "<group>"; };
		562190DD297FEF1F00F337FF /* Extensions.swift */ = {isa = PBXFileReference; lastKnownFileType = sourcecode.swift; path = Extensions.swift; sourceTree = "<group>"; };
		562190E8298040C400F337FF /* TitleTableViewCell.swift */ = {isa = PBXFileReference; lastKnownFileType = sourcecode.swift; path = TitleTableViewCell.swift; sourceTree = "<group>"; };
		562190EA2980439C00F337FF /* TitleViewModel.swift */ = {isa = PBXFileReference; lastKnownFileType = sourcecode.swift; path = TitleViewModel.swift; sourceTree = "<group>"; };
		562190EC29804CB100F337FF /* SearchResultsViewController.swift */ = {isa = PBXFileReference; lastKnownFileType = sourcecode.swift; path = SearchResultsViewController.swift; sourceTree = "<group>"; };
		562190F029804E2500F337FF /* TitleCollectionViewCell.swift */ = {isa = PBXFileReference; lastKnownFileType = sourcecode.swift; path = TitleCollectionViewCell.swift; sourceTree = "<group>"; };
		56D4D72B29819E0E00CCE197 /* YoutubeSearchResponse.swift */ = {isa = PBXFileReference; lastKnownFileType = sourcecode.swift; path = YoutubeSearchResponse.swift; sourceTree = "<group>"; };
		56D4D72D2981A1F900CCE197 /* TitlePreviewViewController.swift */ = {isa = PBXFileReference; lastKnownFileType = sourcecode.swift; path = TitlePreviewViewController.swift; sourceTree = "<group>"; };
		56D4D72F2981A54D00CCE197 /* TitlePreviewViewModel.swift */ = {isa = PBXFileReference; lastKnownFileType = sourcecode.swift; path = TitlePreviewViewModel.swift; sourceTree = "<group>"; };
/* End PBXFileReference section */

/* Begin PBXFrameworksBuildPhase section */
		562190AD297C1ED100F337FF /* Frameworks */ = {
			isa = PBXFrameworksBuildPhase;
			buildActionMask = 2147483647;
			files = (
				562190E7297FFCF700F337FF /* SDWebImageMapKit in Frameworks */,
				562190E5297FFCF700F337FF /* SDWebImage in Frameworks */,
			);
			runOnlyForDeploymentPostprocessing = 0;
		};
/* End PBXFrameworksBuildPhase section */

/* Begin PBXGroup section */
		562190A7297C1ED100F337FF = {
			isa = PBXGroup;
			children = (
				562190B2297C1ED100F337FF /* Netflix Clone */,
				562190B1297C1ED100F337FF /* Products */,
			);
			sourceTree = "<group>";
		};
		562190B1297C1ED100F337FF /* Products */ = {
			isa = PBXGroup;
			children = (
				562190B0297C1ED100F337FF /* NetflixClone.app */,
			);
			name = Products;
			sourceTree = "<group>";
		};
		562190B2297C1ED100F337FF /* Netflix Clone */ = {
			isa = PBXGroup;
			children = (
				562190D4297C2F3200F337FF /* Managers */,
				562190D3297C2F1C00F337FF /* Resources */,
				562190D2297C2ED000F337FF /* Models */,
				562190D0297C2EB600F337FF /* Views */,
				562190D1297C2EBE00F337FF /* ViewModels */,
				562190C7297C228B00F337FF /* Controllers */,
				562190B3297C1ED100F337FF /* AppDelegate.swift */,
				562190B5297C1ED100F337FF /* SceneDelegate.swift */,
				562190B7297C1ED100F337FF /* MainTabBarViewController.swift */,
				562190BC297C1ED300F337FF /* Assets.xcassets */,
				562190BE297C1ED300F337FF /* LaunchScreen.storyboard */,
				562190C1297C1ED300F337FF /* Info.plist */,
			);
			path = "Netflix Clone";
			sourceTree = "<group>";
		};
		562190C7297C228B00F337FF /* Controllers */ = {
			isa = PBXGroup;
			children = (
				562190EF29804D0500F337FF /* General */,
				562190EE29804CE400F337FF /* Core */,
			);
			path = Controllers;
			sourceTree = "<group>";
		};
		562190D0297C2EB600F337FF /* Views */ = {
			isa = PBXGroup;
			children = (
				562190D5297C2F9E00F337FF /* CollectionViewTableViewCell.swift */,
				562190D7297EC8A500F337FF /* HeroHeaderUIView.swift */,
				562190E8298040C400F337FF /* TitleTableViewCell.swift */,
				562190F029804E2500F337FF /* TitleCollectionViewCell.swift */,
			);
			path = Views;
			sourceTree = "<group>";
		};
		562190D1297C2EBE00F337FF /* ViewModels */ = {
			isa = PBXGroup;
			children = (
				562190EA2980439C00F337FF /* TitleViewModel.swift */,
				56D4D72F2981A54D00CCE197 /* TitlePreviewViewModel.swift */,
			);
			path = ViewModels;
			sourceTree = "<group>";
		};
		562190D2297C2ED000F337FF /* Models */ = {
			isa = PBXGroup;
			children = (
				562190DB297FEA9800F337FF /* Title.swift */,
				56D4D72B29819E0E00CCE197 /* YoutubeSearchResponse.swift */,
			);
			path = Models;
			sourceTree = "<group>";
		};
		562190D3297C2F1C00F337FF /* Resources */ = {
			isa = PBXGroup;
			children = (
				562190DD297FEF1F00F337FF /* Extensions.swift */,
			);
			path = Resources;
			sourceTree = "<group>";
		};
		562190D4297C2F3200F337FF /* Managers */ = {
			isa = PBXGroup;
			children = (
				562190D9297FE63300F337FF /* APICaller.swift */,
			);
			path = Managers;
			sourceTree = "<group>";
		};
		562190EE29804CE400F337FF /* Core */ = {
			isa = PBXGroup;
			children = (
				562190C8297C22DF00F337FF /* HomeViewController.swift */,
				562190CA297C232700F337FF /* UpcomingViewController.swift */,
				562190CC297C237500F337FF /* SearchViewController.swift */,
				562190CE297C23B000F337FF /* DownloadsViewController.swift */,
			);
			path = Core;
			sourceTree = "<group>";
		};
		562190EF29804D0500F337FF /* General */ = {
			isa = PBXGroup;
			children = (
				562190EC29804CB100F337FF /* SearchResultsViewController.swift */,
				56D4D72D2981A1F900CCE197 /* TitlePreviewViewController.swift */,
			);
			path = General;
			sourceTree = "<group>";
		};
/* End PBXGroup section */

/* Begin PBXNativeTarget section */
		562190AF297C1ED100F337FF /* NetflixClone */ = {
			isa = PBXNativeTarget;
			buildConfigurationList = 562190C4297C1ED300F337FF /* Build configuration list for PBXNativeTarget "NetflixClone" */;
			buildPhases = (
				562190AC297C1ED100F337FF /* Sources */,
				562190AD297C1ED100F337FF /* Frameworks */,
				562190AE297C1ED100F337FF /* Resources */,
			);
			buildRules = (
			);
			dependencies = (
			);
			name = NetflixClone;
			packageProductDependencies = (
				562190E4297FFCF700F337FF /* SDWebImage */,
				562190E6297FFCF700F337FF /* SDWebImageMapKit */,
			);
			productName = "Netflix Clone";
			productReference = 562190B0297C1ED100F337FF /* NetflixClone.app */;
			productType = "com.apple.product-type.application";
		};
/* End PBXNativeTarget section */

/* Begin PBXProject section */
		562190A8297C1ED100F337FF /* Project object */ = {
			isa = PBXProject;
			attributes = {
				BuildIndependentTargetsInParallel = 1;
				LastSwiftUpdateCheck = 1420;
				LastUpgradeCheck = 1420;
				TargetAttributes = {
					562190AF297C1ED100F337FF = {
						CreatedOnToolsVersion = 14.2;
					};
				};
			};
			buildConfigurationList = 562190AB297C1ED100F337FF /* Build configuration list for PBXProject "NetflixClone" */;
			compatibilityVersion = "Xcode 14.0";
			developmentRegion = en;
			hasScannedForEncodings = 0;
			knownRegions = (
				en,
				Base,
			);
			mainGroup = 562190A7297C1ED100F337FF;
			packageReferences = (
				562190E3297FFCF700F337FF /* XCRemoteSwiftPackageReference "SDWebImage" */,
			);
			productRefGroup = 562190B1297C1ED100F337FF /* Products */;
			projectDirPath = "";
			projectRoot = "";
			targets = (
				562190AF297C1ED100F337FF /* NetflixClone */,
			);
		};
/* End PBXProject section */

/* Begin PBXResourcesBuildPhase section */
		562190AE297C1ED100F337FF /* Resources */ = {
			isa = PBXResourcesBuildPhase;
			buildActionMask = 2147483647;
			files = (
				562190C0297C1ED300F337FF /* LaunchScreen.storyboard in Resources */,
				562190BD297C1ED300F337FF /* Assets.xcassets in Resources */,
			);
			runOnlyForDeploymentPostprocessing = 0;
		};
/* End PBXResourcesBuildPhase section */

/* Begin PBXSourcesBuildPhase section */
		562190AC297C1ED100F337FF /* Sources */ = {
			isa = PBXSourcesBuildPhase;
			buildActionMask = 2147483647;
			files = (
				562190E9298040C400F337FF /* TitleTableViewCell.swift in Sources */,
				562190F129804E2500F337FF /* TitleCollectionViewCell.swift in Sources */,
				562190CD297C237500F337FF /* SearchViewController.swift in Sources */,
				562190B8297C1ED100F337FF /* MainTabBarViewController.swift in Sources */,
				562190D6297C2F9E00F337FF /* CollectionViewTableViewCell.swift in Sources */,
				562190DA297FE63300F337FF /* APICaller.swift in Sources */,
				562190D8297EC8A500F337FF /* HeroHeaderUIView.swift in Sources */,
				562190CF297C23B000F337FF /* DownloadsViewController.swift in Sources */,
				562190B4297C1ED100F337FF /* AppDelegate.swift in Sources */,
				562190ED29804CB100F337FF /* SearchResultsViewController.swift in Sources */,
				562190DE297FEF1F00F337FF /* Extensions.swift in Sources */,
				56D4D72C29819E0E00CCE197 /* YoutubeSearchResponse.swift in Sources */,
				562190B6297C1ED100F337FF /* SceneDelegate.swift in Sources */,
				56D4D7302981A54D00CCE197 /* TitlePreviewViewModel.swift in Sources */,
				562190CB297C232700F337FF /* UpcomingViewController.swift in Sources */,
				56D4D72E2981A1F900CCE197 /* TitlePreviewViewController.swift in Sources */,
				562190DC297FEA9800F337FF /* Title.swift in Sources */,
				562190C9297C22DF00F337FF /* HomeViewController.swift in Sources */,
				562190EB2980439C00F337FF /* TitleViewModel.swift in Sources */,
			);
			runOnlyForDeploymentPostprocessing = 0;
		};
/* End PBXSourcesBuildPhase section */

/* Begin PBXVariantGroup section */
		562190BE297C1ED300F337FF /* LaunchScreen.storyboard */ = {
			isa = PBXVariantGroup;
			children = (
				562190BF297C1ED300F337FF /* Base */,
			);
			name = LaunchScreen.storyboard;
			sourceTree = "<group>";
		};
/* End PBXVariantGroup section */

/* Begin XCBuildConfiguration section */
		562190C2297C1ED300F337FF /* Debug */ = {
			isa = XCBuildConfiguration;
			buildSettings = {
				ALWAYS_SEARCH_USER_PATHS = NO;
				CLANG_ANALYZER_NONNULL = YES;
				CLANG_ANALYZER_NUMBER_OBJECT_CONVERSION = YES_AGGRESSIVE;
				CLANG_CXX_LANGUAGE_STANDARD = "gnu++20";
				CLANG_ENABLE_MODULES = YES;
				CLANG_ENABLE_OBJC_ARC = YES;
				CLANG_ENABLE_OBJC_WEAK = YES;
				CLANG_WARN_BLOCK_CAPTURE_AUTORELEASING = YES;
				CLANG_WARN_BOOL_CONVERSION = YES;
				CLANG_WARN_COMMA = YES;
				CLANG_WARN_CONSTANT_CONVERSION = YES;
				CLANG_WARN_DEPRECATED_OBJC_IMPLEMENTATIONS = YES;
				CLANG_WARN_DIRECT_OBJC_ISA_USAGE = YES_ERROR;
				CLANG_WARN_DOCUMENTATION_COMMENTS = YES;
				CLANG_WARN_EMPTY_BODY = YES;
				CLANG_WARN_ENUM_CONVERSION = YES;
				CLANG_WARN_INFINITE_RECURSION = YES;
				CLANG_WARN_INT_CONVERSION = YES;
				CLANG_WARN_NON_LITERAL_NULL_CONVERSION = YES;
				CLANG_WARN_OBJC_IMPLICIT_RETAIN_SELF = YES;
				CLANG_WARN_OBJC_LITERAL_CONVERSION = YES;
				CLANG_WARN_OBJC_ROOT_CLASS = YES_ERROR;
				CLANG_WARN_QUOTED_INCLUDE_IN_FRAMEWORK_HEADER = YES;
				CLANG_WARN_RANGE_LOOP_ANALYSIS = YES;
				CLANG_WARN_STRICT_PROTOTYPES = YES;
				CLANG_WARN_SUSPICIOUS_MOVE = YES;
				CLANG_WARN_UNGUARDED_AVAILABILITY = YES_AGGRESSIVE;
				CLANG_WARN_UNREACHABLE_CODE = YES;
				CLANG_WARN__DUPLICATE_METHOD_MATCH = YES;
				COPY_PHASE_STRIP = NO;
				DEBUG_INFORMATION_FORMAT = dwarf;
				ENABLE_STRICT_OBJC_MSGSEND = YES;
				ENABLE_TESTABILITY = YES;
				GCC_C_LANGUAGE_STANDARD = gnu11;
				GCC_DYNAMIC_NO_PIC = NO;
				GCC_NO_COMMON_BLOCKS = YES;
				GCC_OPTIMIZATION_LEVEL = 0;
				GCC_PREPROCESSOR_DEFINITIONS = (
					"DEBUG=1",
					"$(inherited)",
				);
				GCC_WARN_64_TO_32_BIT_CONVERSION = YES;
				GCC_WARN_ABOUT_RETURN_TYPE = YES_ERROR;
				GCC_WARN_UNDECLARED_SELECTOR = YES;
				GCC_WARN_UNINITIALIZED_AUTOS = YES_AGGRESSIVE;
				GCC_WARN_UNUSED_FUNCTION = YES;
				GCC_WARN_UNUSED_VARIABLE = YES;
				IPHONEOS_DEPLOYMENT_TARGET = 16.2;
				MTL_ENABLE_DEBUG_INFO = INCLUDE_SOURCE;
				MTL_FAST_MATH = YES;
				ONLY_ACTIVE_ARCH = YES;
				SDKROOT = iphoneos;
				SWIFT_ACTIVE_COMPILATION_CONDITIONS = DEBUG;
				SWIFT_OPTIMIZATION_LEVEL = "-Onone";
			};
			name = Debug;
		};
		562190C3297C1ED300F337FF /* Release */ = {
			isa = XCBuildConfiguration;
			buildSettings = {
				ALWAYS_SEARCH_USER_PATHS = NO;
				CLANG_ANALYZER_NONNULL = YES;
				CLANG_ANALYZER_NUMBER_OBJECT_CONVERSION = YES_AGGRESSIVE;
				CLANG_CXX_LANGUAGE_STANDARD = "gnu++20";
				CLANG_ENABLE_MODULES = YES;
				CLANG_ENABLE_OBJC_ARC = YES;
				CLANG_ENABLE_OBJC_WEAK = YES;
				CLANG_WARN_BLOCK_CAPTURE_AUTORELEASING = YES;
				CLANG_WARN_BOOL_CONVERSION = YES;
				CLANG_WARN_COMMA = YES;
				CLANG_WARN_CONSTANT_CONVERSION = YES;
				CLANG_WARN_DEPRECATED_OBJC_IMPLEMENTATIONS = YES;
				CLANG_WARN_DIRECT_OBJC_ISA_USAGE = YES_ERROR;
				CLANG_WARN_DOCUMENTATION_COMMENTS = YES;
				CLANG_WARN_EMPTY_BODY = YES;
				CLANG_WARN_ENUM_CONVERSION = YES;
				CLANG_WARN_INFINITE_RECURSION = YES;
				CLANG_WARN_INT_CONVERSION = YES;
				CLANG_WARN_NON_LITERAL_NULL_CONVERSION = YES;
				CLANG_WARN_OBJC_IMPLICIT_RETAIN_SELF = YES;
				CLANG_WARN_OBJC_LITERAL_CONVERSION = YES;
				CLANG_WARN_OBJC_ROOT_CLASS = YES_ERROR;
				CLANG_WARN_QUOTED_INCLUDE_IN_FRAMEWORK_HEADER = YES;
				CLANG_WARN_RANGE_LOOP_ANALYSIS = YES;
				CLANG_WARN_STRICT_PROTOTYPES = YES;
				CLANG_WARN_SUSPICIOUS_MOVE = YES;
				CLANG_WARN_UNGUARDED_AVAILABILITY = YES_AGGRESSIVE;
				CLANG_WARN_UNREACHABLE_CODE = YES;
				CLANG_WARN__DUPLICATE_METHOD_MATCH = YES;
				COPY_PHASE_STRIP = NO;
				DEBUG_INFORMATION_FORMAT = "dwarf-with-dsym";
				ENABLE_NS_ASSERTIONS = NO;
				ENABLE_STRICT_OBJC_MSGSEND = YES;
				GCC_C_LANGUAGE_STANDARD = gnu11;
				GCC_NO_COMMON_BLOCKS = YES;
				GCC_WARN_64_TO_32_BIT_CONVERSION = YES;
				GCC_WARN_ABOUT_RETURN_TYPE = YES_ERROR;
				GCC_WARN_UNDECLARED_SELECTOR = YES;
				GCC_WARN_UNINITIALIZED_AUTOS = YES_AGGRESSIVE;
				GCC_WARN_UNUSED_FUNCTION = YES;
				GCC_WARN_UNUSED_VARIABLE = YES;
				IPHONEOS_DEPLOYMENT_TARGET = 16.2;
				MTL_ENABLE_DEBUG_INFO = NO;
				MTL_FAST_MATH = YES;
				SDKROOT = iphoneos;
				SWIFT_COMPILATION_MODE = wholemodule;
				SWIFT_OPTIMIZATION_LEVEL = "-O";
				VALIDATE_PRODUCT = YES;
			};
			name = Release;
		};
		562190C5297C1ED300F337FF /* Debug */ = {
			isa = XCBuildConfiguration;
			buildSettings = {
				ASSETCATALOG_COMPILER_APPICON_NAME = AppIcon;
				ASSETCATALOG_COMPILER_GLOBAL_ACCENT_COLOR_NAME = AccentColor;
				CODE_SIGN_STYLE = Automatic;
				CURRENT_PROJECT_VERSION = 1;
				DEVELOPMENT_TEAM = M3622JRTC3;
				GENERATE_INFOPLIST_FILE = YES;
				INFOPLIST_FILE = "Netflix Clone/Info.plist";
				INFOPLIST_KEY_UIApplicationSupportsIndirectInputEvents = YES;
				INFOPLIST_KEY_UILaunchStoryboardName = LaunchScreen;
				INFOPLIST_KEY_UISupportedInterfaceOrientations_iPad = "UIInterfaceOrientationPortrait UIInterfaceOrientationPortraitUpsideDown UIInterfaceOrientationLandscapeLeft UIInterfaceOrientationLandscapeRight";
				INFOPLIST_KEY_UISupportedInterfaceOrientations_iPhone = "UIInterfaceOrientationPortrait UIInterfaceOrientationLandscapeLeft UIInterfaceOrientationLandscapeRight";
				LD_RUNPATH_SEARCH_PATHS = (
					"$(inherited)",
					"@executable_path/Frameworks",
				);
				MARKETING_VERSION = 1.0;
				PRODUCT_BUNDLE_IDENTIFIER = "com.californianapps.Netflix-Clone";
				PRODUCT_NAME = "$(TARGET_NAME)";
				SWIFT_EMIT_LOC_STRINGS = YES;
				SWIFT_VERSION = 5.0;
				TARGETED_DEVICE_FAMILY = "1,2";
			};
			name = Debug;
		};
		562190C6297C1ED300F337FF /* Release */ = {
			isa = XCBuildConfiguration;
			buildSettings = {
				ASSETCATALOG_COMPILER_APPICON_NAME = AppIcon;
				ASSETCATALOG_COMPILER_GLOBAL_ACCENT_COLOR_NAME = AccentColor;
				CODE_SIGN_STYLE = Automatic;
				CURRENT_PROJECT_VERSION = 1;
				DEVELOPMENT_TEAM = M3622JRTC3;
				GENERATE_INFOPLIST_FILE = YES;
				INFOPLIST_FILE = "Netflix Clone/Info.plist";
				INFOPLIST_KEY_UIApplicationSupportsIndirectInputEvents = YES;
				INFOPLIST_KEY_UILaunchStoryboardName = LaunchScreen;
				INFOPLIST_KEY_UISupportedInterfaceOrientations_iPad = "UIInterfaceOrientationPortrait UIInterfaceOrientationPortraitUpsideDown UIInterfaceOrientationLandscapeLeft UIInterfaceOrientationLandscapeRight";
				INFOPLIST_KEY_UISupportedInterfaceOrientations_iPhone = "UIInterfaceOrientationPortrait UIInterfaceOrientationLandscapeLeft UIInterfaceOrientationLandscapeRight";
				LD_RUNPATH_SEARCH_PATHS = (
					"$(inherited)",
					"@executable_path/Frameworks",
				);
				MARKETING_VERSION = 1.0;
				PRODUCT_BUNDLE_IDENTIFIER = "com.californianapps.Netflix-Clone";
				PRODUCT_NAME = "$(TARGET_NAME)";
				SWIFT_EMIT_LOC_STRINGS = YES;
				SWIFT_VERSION = 5.0;
				TARGETED_DEVICE_FAMILY = "1,2";
			};
			name = Release;
		};
/* End XCBuildConfiguration section */

/* Begin XCConfigurationList section */
		562190AB297C1ED100F337FF /* Build configuration list for PBXProject "NetflixClone" */ = {
			isa = XCConfigurationList;
			buildConfigurations = (
				562190C2297C1ED300F337FF /* Debug */,
				562190C3297C1ED300F337FF /* Release */,
			);
			defaultConfigurationIsVisible = 0;
			defaultConfigurationName = Release;
		};
		562190C4297C1ED300F337FF /* Build configuration list for PBXNativeTarget "NetflixClone" */ = {
			isa = XCConfigurationList;
			buildConfigurations = (
				562190C5297C1ED300F337FF /* Debug */,
				562190C6297C1ED300F337FF /* Release */,
			);
			defaultConfigurationIsVisible = 0;
			defaultConfigurationName = Release;
		};
/* End XCConfigurationList section */

/* Begin XCRemoteSwiftPackageReference section */
		562190E3297FFCF700F337FF /* XCRemoteSwiftPackageReference "SDWebImage" */ = {
			isa = XCRemoteSwiftPackageReference;
			repositoryURL = "https://github.com/SDWebImage/SDWebImage.git";
			requirement = {
				kind = upToNextMajorVersion;
				minimumVersion = 5.0.0;
			};
		};
/* End XCRemoteSwiftPackageReference section */

/* Begin XCSwiftPackageProductDependency section */
		562190E4297FFCF700F337FF /* SDWebImage */ = {
			isa = XCSwiftPackageProductDependency;
			package = 562190E3297FFCF700F337FF /* XCRemoteSwiftPackageReference "SDWebImage" */;
			productName = SDWebImage;
		};
		562190E6297FFCF700F337FF /* SDWebImageMapKit */ = {
			isa = XCSwiftPackageProductDependency;
			package = 562190E3297FFCF700F337FF /* XCRemoteSwiftPackageReference "SDWebImage" */;
			productName = SDWebImageMapKit;
		};
/* End XCSwiftPackageProductDependency section */
	};
	rootObject = 562190A8297C1ED100F337FF /* Project object */;
}
